
Microsoft Visual Studio Solution File, Format Version 12.00
# Visual Studio Version 17
VisualStudioVersion = 17.13.35931.197 d17.13
MinimumVisualStudioVersion = 10.0.40219.1
Project("{FAE04EC0-301F-11D3-BF4B-00C04F79EFBC}") = "News_Site", "News_Site.csproj", "{3715C1DB-D6BA-4574-A87F-3EA01D67A37B}"
EndProject
Global
	GlobalSection(SolutionConfigurationPlatforms) = preSolution
		Debug|Any CPU = Debug|Any CPU
		Release|Any CPU = Release|Any CPU
	EndGlobalSection
	GlobalSection(ProjectConfigurationPlatforms) = postSolution
		{3715C1DB-D6BA-4574-A87F-3EA01D67A37B}.Debug|Any CPU.ActiveCfg = Debug|Any CPU
		{3715C1DB-D6BA-4574-A87F-3EA01D67A37B}.Debug|Any CPU.Build.0 = Debug|Any CPU
		{3715C1DB-D6BA-4574-A87F-3EA01D67A37B}.Release|Any CPU.ActiveCfg = Release|Any CPU
		{3715C1DB-D6BA-4574-A87F-3EA01D67A37B}.Release|Any CPU.Build.0 = Release|Any CPU
	EndGlobalSection
	GlobalSection(SolutionProperties) = preSolution
		HideSolutionNode = FALSE
	EndGlobalSection
	GlobalSection(ExtensibilityGlobals) = postSolution
		SolutionGuid = {3B9637AB-C002-47F5-80B5-8BB2888B0114}
	EndGlobalSection
EndGlobal
